{
  "name": "src",
  "lockfileVersion": 3,
  "requires": true,
  "packages": {
    "": {
      "devDependencies": {
        "@tanstack/react-query-devtools": "^5.91.2"
      }
    },
    "node_modules/@tanstack/query-core": {
      "version": "5.90.16",
      "resolved": "https://registry.npmjs.org/@tanstack/query-core/-/query-core-5.90.16.tgz",
      "integrity": "sha512-MvtWckSVufs/ja463/K4PyJeqT+HMlJWtw6PrCpywznd2NSgO3m4KwO9RqbFqGg6iDE8vVMFWMeQI4Io3eEYww==",
      "dev": true,
      "peer": true,
      "funding": {
        "type": "github",
        "url": "https://github.com/sponsors/tannerlinsley"
      }
    },
    "node_modules/@tanstack/query-devtools": {
      "version": "5.92.0",
      "resolved": "https://registry.npmjs.org/@tanstack/query-devtools/-/query-devtools-5.92.0.tgz",
      "integrity": "sha512-N8D27KH1vEpVacvZgJL27xC6yPFUy0Zkezn5gnB3L3gRCxlDeSuiya7fKge8Y91uMTnC8aSxBQhcK6ocY7alpQ==",
      "dev": true,
      "funding": {
        "type": "github",
        "url": "https://github.com/sponsors/tannerlinsley"
      }
    },
    "node_modules/@tanstack/react-query": {
      "version": "5.90.16",
      "resolved": "https://registry.npmjs.org/@tanstack/react-query/-/react-query-5.90.16.tgz",
      "integrity": "sha512-bpMGOmV4OPmif7TNMteU/Ehf/hoC0Kf98PDc0F4BZkFrEapRMEqI/V6YS0lyzwSV6PQpY1y4xxArUIfBW5LVxQ==",
      "dev": true,
      "peer": true,
      "dependencies": {
        "@tanstack/query-core": "5.90.16"
      },
      "funding": {
        "type": "github",
        "url": "https://github.com/sponsors/tannerlinsley"
      },
      "peerDependencies": {
        "react": "^18 || ^19"
      }
    },
    "node_modules/@tanstack/react-query-devtools": {
      "version": "5.91.2",
      "resolved": "https://registry.npmjs.org/@tanstack/react-query-devtools/-/react-query-devtools-5.91.2.tgz",
      "integrity": "sha512-ZJ1503ay5fFeEYFUdo7LMNFzZryi6B0Cacrgr2h1JRkvikK1khgIq6Nq2EcblqEdIlgB/r7XDW8f8DQ89RuUgg==",
      "dev": true,
      "dependencies": {
        "@tanstack/query-devtools": "5.92.0"
      },
      "funding": {
        "type": "github",
        "url": "https://github.com/sponsors/tannerlinsley"
      },
      "peerDependencies": {
        "@tanstack/react-query": "^5.90.14",
        "react": "^18 || ^19"
      }
    },
    "node_modules/react": {
      "version": "19.2.3",
      "resolved": "https://registry.npmjs.org/react/-/react-19.2.3.tgz",
      "integrity": "sha512-Ku/hhYbVjOQnXDZFv2+RibmLFGwFdeeKHFcOTlrt7xplBnya5OGn/hIRDsqDiSUcfORsDC7MPxwork8jBwsIWA==",
      "dev": true,
      "peer": true,
      "engines": {
        "node": ">=0.10.0"
      }
    }
  }
}
